
Microsoft Visual Studio Solution File, Format Version 12.00
# Visual Studio Version 17
VisualStudioVersion = 17.10.35122.118
MinimumVisualStudioVersion = 10.0.40219.1
Project("{FAE04EC0-301F-11D3-BF4B-00C04F79EFBC}") = "TaskManagement", "TaskManagement\TaskManagement.csproj", "{46C69C12-4B08-4A22-A642-8A4F916F7ED5}"
EndProject
Global
	GlobalSection(SolutionConfigurationPlatforms) = preSolution
		Debug|Any CPU = Debug|Any CPU
		Release|Any CPU = Release|Any CPU
	EndGlobalSection
	GlobalSection(ProjectConfigurationPlatforms) = postSolution
		{46C69C12-4B08-4A22-A642-8A4F916F7ED5}.Debug|Any CPU.ActiveCfg = Debug|Any CPU
		{46C69C12-4B08-4A22-A642-8A4F916F7ED5}.Debug|Any CPU.Build.0 = Debug|Any CPU
		{46C69C12-4B08-4A22-A642-8A4F916F7ED5}.Release|Any CPU.ActiveCfg = Release|Any CPU
		{46C69C12-4B08-4A22-A642-8A4F916F7ED5}.Release|Any CPU.Build.0 = Release|Any CPU
	EndGlobalSection
	GlobalSection(SolutionProperties) = preSolution
		HideSolutionNode = FALSE
	EndGlobalSection
	GlobalSection(ExtensibilityGlobals) = postSolution
		SolutionGuid = {3BED737F-4526-4AFE-BD98-47F944F2F04D}
	EndGlobalSection
EndGlobal
